
Microsoft Visual Studio Solution File, Format Version 12.00
# Visual Studio Version 16
VisualStudioVersion = 16.0.31605.320
MinimumVisualStudioVersion = 10.0.40219.1
Project("{FAE04EC0-301F-11D3-BF4B-00C04F79EFBC}") = "ORMPrac2", "ORMPrac2.csproj", "{83136FAD-F6D8-4F06-949F-C8741D22079A}"
EndProject
Global
	GlobalSection(SolutionConfigurationPlatforms) = preSolution
		Debug|Any CPU = Debug|Any CPU
		Release|Any CPU = Release|Any CPU
	EndGlobalSection
	GlobalSection(ProjectConfigurationPlatforms) = postSolution
		{83136FAD-F6D8-4F06-949F-C8741D22079A}.Debug|Any CPU.ActiveCfg = Debug|Any CPU
		{83136FAD-F6D8-4F06-949F-C8741D22079A}.Debug|Any CPU.Build.0 = Debug|Any CPU
		{83136FAD-F6D8-4F06-949F-C8741D22079A}.Release|Any CPU.ActiveCfg = Release|Any CPU
		{83136FAD-F6D8-4F06-949F-C8741D22079A}.Release|Any CPU.Build.0 = Release|Any CPU
	EndGlobalSection
	GlobalSection(SolutionProperties) = preSolution
		HideSolutionNode = FALSE
	EndGlobalSection
	GlobalSection(ExtensibilityGlobals) = postSolution
		SolutionGuid = {532E0273-83EC-45F8-BBAB-6A5D76653D60}
	EndGlobalSection
EndGlobal
