
Microsoft Visual Studio Solution File, Format Version 12.00
# Visual Studio Version 16
VisualStudioVersion = 16.0.31605.320
MinimumVisualStudioVersion = 10.0.40219.1
Project("{00D1A9C2-B5F0-4AF3-8072-F6C62B433612}") = "SQLDBPrac1", "SQLDBPrac1\SQLDBPrac1.sqlproj", "{08E66B5C-7593-4B89-821D-2A713460713E}"
EndProject
Global
	GlobalSection(SolutionConfigurationPlatforms) = preSolution
		Debug|Any CPU = Debug|Any CPU
		Release|Any CPU = Release|Any CPU
	EndGlobalSection
	GlobalSection(ProjectConfigurationPlatforms) = postSolution
		{08E66B5C-7593-4B89-821D-2A713460713E}.Debug|Any CPU.ActiveCfg = Debug|Any CPU
		{08E66B5C-7593-4B89-821D-2A713460713E}.Debug|Any CPU.Build.0 = Debug|Any CPU
		{08E66B5C-7593-4B89-821D-2A713460713E}.Debug|Any CPU.Deploy.0 = Debug|Any CPU
		{08E66B5C-7593-4B89-821D-2A713460713E}.Release|Any CPU.ActiveCfg = Release|Any CPU
		{08E66B5C-7593-4B89-821D-2A713460713E}.Release|Any CPU.Build.0 = Release|Any CPU
		{08E66B5C-7593-4B89-821D-2A713460713E}.Release|Any CPU.Deploy.0 = Release|Any CPU
	EndGlobalSection
	GlobalSection(SolutionProperties) = preSolution
		HideSolutionNode = FALSE
	EndGlobalSection
	GlobalSection(ExtensibilityGlobals) = postSolution
		SolutionGuid = {A88640E4-FB60-4E30-9EDE-7110E2C26A94}
	EndGlobalSection
EndGlobal
